// !$*UTF8*$!
{
	archiveVersion = 1;
	classes = {
	};
	objectVersion = 46;
	objects = {

/* Begin PBXBuildFile section */
		DE21CFBB1C33AAFF0087CAA5 /* main.m in Sources */ = {isa = PBXBuildFile; fileRef = DE21CFBA1C33AAFF0087CAA5 /* main.m */; };
		DE21CFBE1C33AAFF0087CAA5 /* AppDelegate.m in Sources */ = {isa = PBXBuildFile; fileRef = DE21CFBD1C33AAFF0087CAA5 /* AppDelegate.m */; };
		DE21CFC11C33AAFF0087CAA5 /* ViewController.m in Sources */ = {isa = PBXBuildFile; fileRef = DE21CFC01C33AAFF0087CAA5 /* ViewController.m */; };
		DE21CFC41C33AAFF0087CAA5 /* Main.storyboard in Resources */ = {isa = PBXBuildFile; fileRef = DE21CFC21C33AAFF0087CAA5 /* Main.storyboard */; };
		DE21CFC61C33AAFF0087CAA5 /* Assets.xcassets in Resources */ = {isa = PBXBuildFile; fileRef = DE21CFC51C33AAFF0087CAA5 /* Assets.xcassets */; };
		DE21CFC91C33AAFF0087CAA5 /* LaunchScreen.storyboard in Resources */ = {isa = PBXBuildFile; fileRef = DE21CFC71C33AAFF0087CAA5 /* LaunchScreen.storyboard */; };
		DE21CFD41C33AAFF0087CAA5 /* testTests.m in Sources */ = {isa = PBXBuildFile; fileRef = DE21CFD31C33AAFF0087CAA5 /* testTests.m */; };
		DE21CFDF1C33AAFF0087CAA5 /* testUITests.m in Sources */ = {isa = PBXBuildFile; fileRef = DE21CFDE1C33AAFF0087CAA5 /* testUITests.m */; };
/* End PBXBuildFile section */

/* Begin PBXContainerItemProxy section */
		DE21CFD01C33AAFF0087CAA5 /* PBXContainerItemProxy */ = {
			isa = PBXContainerItemProxy;
			containerPortal = DE21CFAE1C33AAFF0087CAA5 /* Project object */;
			proxyType = 1;
			remoteGlobalIDString = DE21CFB51C33AAFF0087CAA5;
			remoteInfo = test;
		};
		DE21CFDB1C33AAFF0087CAA5 /* PBXContainerItemProxy */ = {
			isa = PBXContainerItemProxy;
			containerPortal = DE21CFAE1C33AAFF0087CAA5 /* Project object */;
			proxyType = 1;
			remoteGlobalIDString = DE21CFB51C33AAFF0087CAA5;
			remoteInfo = test;
		};
/* End PBXContainerItemProxy section */

/* Begin PBXFileReference section */
		DE21CFB61C33AAFF0087CAA5 /* test.app */ = {isa = PBXFileReference; explicitFileType = wrapper.application; includeInIndex = 0; path = test.app; sourceTree = BUILT_PRODUCTS_DIR; };
		DE21CFBA1C33AAFF0087CAA5 /* main.m */ = {isa = PBXFileReference; lastKnownFileType = sourcecode.c.objc; path = main.m; sourceTree = "<group>"; };
		DE21CFBC1C33AAFF0087CAA5 /* AppDelegate.h */ = {isa = PBXFileReference; lastKnownFileType = sourcecode.c.h; path = AppDelegate.h; sourceTree = "<group>"; };
		DE21CFBD1C33AAFF0087CAA5 /* AppDelegate.m */ = {isa = PBXFileReference; lastKnownFileType = sourcecode.c.objc; path = AppDelegate.m; sourceTree = "<group>"; };
		DE21CFBF1C33AAFF0087CAA5 /* ViewController.h */ = {isa = PBXFileReference; lastKnownFileType = sourcecode.c.h; path = ViewController.h; sourceTree = "<group>"; };
		DE21CFC01C33AAFF0087CAA5 /* ViewController.m */ = {isa = PBXFileReference; lastKnownFileType = sourcecode.c.objc; path = ViewController.m; sourceTree = "<group>"; };
		DE21CFC31C33AAFF0087CAA5 /* Base */ = {isa = PBXFileReference; lastKnownFileType = file.storyboard; name = Base; path = Base.lproj/Main.storyboard; sourceTree = "<group>"; };
		DE21CFC51C33AAFF0087CAA5 /* Assets.xcassets */ = {isa = PBXFileReference; lastKnownFileType = folder.assetcatalog; path = Assets.xcassets; sourceTree = "<group>"; };
		DE21CFC81C33AAFF0087CAA5 /* Base */ = {isa = PBXFileReference; lastKnownFileType = file.storyboard; name = Base; path = Base.lproj/LaunchScreen.storyboard; sourceTree = "<group>"; };
		DE21CFCA1C33AAFF0087CAA5 /* Info.plist */ = {isa = PBXFileReference; lastKnownFileType = text.plist.xml; path = Info.plist; sourceTree = "<group>"; };
		DE21CFCF1C33AAFF0087CAA5 /* testTests.xctest */ = {isa = PBXFileReference; explicitFileType = wrapper.cfbundle; includeInIndex = 0; path = testTests.xctest; sourceTree = BUILT_PRODUCTS_DIR; };
		DE21CFD31C33AAFF0087CAA5 /* testTests.m */ = {isa = PBXFileReference; lastKnownFileType = sourcecode.c.objc; path = testTests.m; sourceTree = "<group>"; };
		DE21CFD51C33AAFF0087CAA5 /* Info.plist */ = {isa = PBXFileReference; lastKnownFileType = text.plist.xml; path = Info.plist; sourceTree = "<group>"; };
		DE21CFDA1C33AAFF0087CAA5 /* testUITests.xctest */ = {isa = PBXFileReference; explicitFileType = wrapper.cfbundle; includeInIndex = 0; path = testUITests.xctest; sourceTree = BUILT_PRODUCTS_DIR; };
		DE21CFDE1C33AAFF0087CAA5 /* testUITests.m */ = {isa = PBXFileReference; lastKnownFileType = sourcecode.c.objc; path = testUITests.m; sourceTree = "<group>"; };
		DE21CFE01C33AAFF0087CAA5 /* Info.plist */ = {isa = PBXFileReference; lastKnownFileType = text.plist.xml; path = Info.plist; sourceTree = "<group>"; };
/* End PBXFileReference section */

/* Begin PBXFrameworksBuildPhase section */
		DE21CFB31C33AAFF0087CAA5 /* Frameworks */ = {
			isa = PBXFrameworksBuildPhase;
			buildActionMask = 2147483647;
			files = (
			);
			runOnlyForDeploymentPostprocessing = 0;
		};
		DE21CFCC1C33AAFF0087CAA5 /* Frameworks */ = {
			isa = PBXFrameworksBuildPhase;
			buildActionMask = 2147483647;
			files = (
			);
			runOnlyForDeploymentPostprocessing = 0;
		};
		DE21CFD71C33AAFF0087CAA5 /* Frameworks */ = {
			isa = PBXFrameworksBuildPhase;
			buildActionMask = 2147483647;
			files = (
			);
			runOnlyForDeploymentPostprocessing = 0;
		};
/* End PBXFrameworksBuildPhase section */

/* Begin PBXGroup section */
		DE21CFAD1C33AAFF0087CAA5 = {
			isa = PBXGroup;
			children = (
				DE21CFB81C33AAFF0087CAA5 /* test */,
				DE21CFD21C33AAFF0087CAA5 /* testTests */,
				DE21CFDD1C33AAFF0087CAA5 /* testUITests */,
				DE21CFB71C33AAFF0087CAA5 /* Products */,
			);
			sourceTree = "<group>";
		};
		DE21CFB71C33AAFF0087CAA5 /* Products */ = {
			isa = PBXGroup;
			children = (
				DE21CFB61C33AAFF0087CAA5 /* test.app */,
				DE21CFCF1C33AAFF0087CAA5 /* testTests.xctest */,
				DE21CFDA1C33AAFF0087CAA5 /* testUITests.xctest */,
			);
			name = Products;
			sourceTree = "<group>";
		};
		DE21CFB81C33AAFF0087CAA5 /* test */ = {
			isa = PBXGroup;
			children = (
				DE21CFBC1C33AAFF0087CAA5 /* AppDelegate.h */,
				DE21CFBD1C33AAFF0087CAA5 /* AppDelegate.m */,
				DE21CFBF1C33AAFF0087CAA5 /* ViewController.h */,
				DE21CFC01C33AAFF0087CAA5 /* ViewController.m */,
				DE21CFC21C33AAFF0087CAA5 /* Main.storyboard */,
				DE21CFC51C33AAFF0087CAA5 /* Assets.xcassets */,
				DE21CFC71C33AAFF0087CAA5 /* LaunchScreen.storyboard */,
				DE21CFCA1C33AAFF0087CAA5 /* Info.plist */,
				DE21CFB91C33AAFF0087CAA5 /* Supporting Files */,
			);
			path = test;
			sourceTree = "<group>";
		};
		DE21CFB91C33AAFF0087CAA5 /* Supporting Files */ = {
			isa = PBXGroup;
			children = (
				DE21CFBA1C33AAFF0087CAA5 /* main.m */,
			);
			name = "Supporting Files";
			sourceTree = "<group>";
		};
		DE21CFD21C33AAFF0087CAA5 /* testTests */ = {
			isa = PBXGroup;
			children = (
				DE21CFD31C33AAFF0087CAA5 /* testTests.m */,
				DE21CFD51C33AAFF0087CAA5 /* Info.plist */,
			);
			path = testTests;
			sourceTree = "<group>";
		};
		DE21CFDD1C33AAFF0087CAA5 /* testUITests */ = {
			isa = PBXGroup;
			children = (
				DE21CFDE1C33AAFF0087CAA5 /* testUITests.m */,
				DE21CFE01C33AAFF0087CAA5 /* Info.plist */,
			);
			path = testUITests;
			sourceTree = "<group>";
		};
/* End PBXGroup section */

/* Begin PBXNativeTarget section */
		DE21CFB51C33AAFF0087CAA5 /* test */ = {
			isa = PBXNativeTarget;
			buildConfigurationList = DE21CFE31C33AAFF0087CAA5 /* Build configuration list for PBXNativeTarget "test" */;
			buildPhases = (
				DE21CFB21C33AAFF0087CAA5 /* Sources */,
				DE21CFB31C33AAFF0087CAA5 /* Frameworks */,
				DE21CFB41C33AAFF0087CAA5 /* Resources */,
			);
			buildRules = (
			);
			dependencies = (
			);
			name = test;
			productName = test;
			productReference = DE21CFB61C33AAFF0087CAA5 /* test.app */;
			productType = "com.apple.product-type.application";
		};
		DE21CFCE1C33AAFF0087CAA5 /* testTests */ = {
			isa = PBXNativeTarget;
			buildConfigurationList = DE21CFE61C33AAFF0087CAA5 /* Build configuration list for PBXNativeTarget "testTests" */;
			buildPhases = (
				DE21CFCB1C33AAFF0087CAA5 /* Sources */,
				DE21CFCC1C33AAFF0087CAA5 /* Frameworks */,
				DE21CFCD1C33AAFF0087CAA5 /* Resources */,
			);
			buildRules = (
			);
			dependencies = (
				DE21CFD11C33AAFF0087CAA5 /* PBXTargetDependency */,
			);
			name = testTests;
			productName = testTests;
			productReference = DE21CFCF1C33AAFF0087CAA5 /* testTests.xctest */;
			productType = "com.apple.product-type.bundle.unit-test";
		};
		DE21CFD91C33AAFF0087CAA5 /* testUITests */ = {
			isa = PBXNativeTarget;
			buildConfigurationList = DE21CFE91C33AAFF0087CAA5 /* Build configuration list for PBXNativeTarget "testUITests" */;
			buildPhases = (
				DE21CFD61C33AAFF0087CAA5 /* Sources */,
				DE21CFD71C33AAFF0087CAA5 /* Frameworks */,
				DE21CFD81C33AAFF0087CAA5 /* Resources */,
			);
			buildRules = (
			);
			dependencies = (
				DE21CFDC1C33AAFF0087CAA5 /* PBXTargetDependency */,
			);
			name = testUITests;
			productName = testUITests;
			productReference = DE21CFDA1C33AAFF0087CAA5 /* testUITests.xctest */;
			productType = "com.apple.product-type.bundle.ui-testing";
		};
/* End PBXNativeTarget section */

/* Begin PBXProject section */
		DE21CFAE1C33AAFF0087CAA5 /* Project object */ = {
			isa = PBXProject;
			attributes = {
				LastUpgradeCheck = 0720;
				ORGANIZATIONNAME = "innos-campus";
				TargetAttributes = {
					DE21CFB51C33AAFF0087CAA5 = {
						CreatedOnToolsVersion = 7.2;
					};
					DE21CFCE1C33AAFF0087CAA5 = {
						CreatedOnToolsVersion = 7.2;
						TestTargetID = DE21CFB51C33AAFF0087CAA5;
					};
					DE21CFD91C33AAFF0087CAA5 = {
						CreatedOnToolsVersion = 7.2;
						TestTargetID = DE21CFB51C33AAFF0087CAA5;
					};
				};
			};
			buildConfigurationList = DE21CFB11C33AAFF0087CAA5 /* Build configuration list for PBXProject "test" */;
			compatibilityVersion = "Xcode 3.2";
			developmentRegion = English;
			hasScannedForEncodings = 0;
			knownRegions = (
				en,
				Base,
			);
			mainGroup = DE21CFAD1C33AAFF0087CAA5;
			productRefGroup = DE21CFB71C33AAFF0087CAA5 /* Products */;
			projectDirPath = "";
			projectRoot = "";
			targets = (
				DE21CFB51C33AAFF0087CAA5 /* test */,
				DE21CFCE1C33AAFF0087CAA5 /* testTests */,
				DE21CFD91C33AAFF0087CAA5 /* testUITests */,
			);
		};
/* End PBXProject section */

/* Begin PBXResourcesBuildPhase section */
		DE21CFB41C33AAFF0087CAA5 /* Resources */ = {
			isa = PBXResourcesBuildPhase;
			buildActionMask = 2147483647;
			files = (
				DE21CFC91C33AAFF0087CAA5 /* LaunchScreen.storyboard in Resources */,
				DE21CFC61C33AAFF0087CAA5 /* Assets.xcassets in Resources */,
				DE21CFC41C33AAFF0087CAA5 /* Main.storyboard in Resources */,
			);
			runOnlyForDeploymentPostprocessing = 0;
		};
		DE21CFCD1C33AAFF0087CAA5 /* Resources */ = {
			isa = PBXResourcesBuildPhase;
			buildActionMask = 2147483647;
			files = (
			);
			runOnlyForDeploymentPostprocessing = 0;
		};
		DE21CFD81C33AAFF0087CAA5 /* Resources */ = {
			isa = PBXResourcesBuildPhase;
			buildActionMask = 2147483647;
			files = (
			);
			runOnlyForDeploymentPostprocessing = 0;
		};
/* End PBXResourcesBuildPhase section */

/* Begin PBXSourcesBuildPhase section */
		DE21CFB21C33AAFF0087CAA5 /* Sources */ = {
			isa = PBXSourcesBuildPhase;
			buildActionMask = 2147483647;
			files = (
				DE21CFC11C33AAFF0087CAA5 /* ViewController.m in Sources */,
				DE21CFBE1C33AAFF0087CAA5 /* AppDelegate.m in Sources */,
				DE21CFBB1C33AAFF0087CAA5 /* main.m in Sources */,
			);
			runOnlyForDeploymentPostprocessing = 0;
		};
		DE21CFCB1C33AAFF0087CAA5 /* Sources */ = {
			isa = PBXSourcesBuildPhase;
			buildActionMask = 2147483647;
			files = (
				DE21CFD41C33AAFF0087CAA5 /* testTests.m in Sources */,
			);
			runOnlyForDeploymentPostprocessing = 0;
		};
		DE21CFD61C33AAFF0087CAA5 /* Sources */ = {
			isa = PBXSourcesBuildPhase;
			buildActionMask = 2147483647;
			files = (
				DE21CFDF1C33AAFF0087CAA5 /* testUITests.m in Sources */,
			);
			runOnlyForDeploymentPostprocessing = 0;
		};
/* End PBXSourcesBuildPhase section */

/* Begin PBXTargetDependency section */
		DE21CFD11C33AAFF0087CAA5 /* PBXTargetDependency */ = {
			isa = PBXTargetDependency;
			target = DE21CFB51C33AAFF0087CAA5 /* test */;
			targetProxy = DE21CFD01C33AAFF0087CAA5 /* PBXContainerItemProxy */;
		};
		DE21CFDC1C33AAFF0087CAA5 /* PBXTargetDependency */ = {
			isa = PBXTargetDependency;
			target = DE21CFB51C33AAFF0087CAA5 /* test */;
			targetProxy = DE21CFDB1C33AAFF0087CAA5 /* PBXContainerItemProxy */;
		};
/* End PBXTargetDependency section */

/* Begin PBXVariantGroup section */
		DE21CFC21C33AAFF0087CAA5 /* Main.storyboard */ = {
			isa = PBXVariantGroup;
			children = (
				DE21CFC31C33AAFF0087CAA5 /* Base */,
			);
			name = Main.storyboard;
			sourceTree = "<group>";
		};
		DE21CFC71C33AAFF0087CAA5 /* LaunchScreen.storyboard */ = {
			isa = PBXVariantGroup;
			children = (
				DE21CFC81C33AAFF0087CAA5 /* Base */,
			);
			name = LaunchScreen.storyboard;
			sourceTree = "<group>";
		};
/* End PBXVariantGroup section */

/* Begin XCBuildConfiguration section */
		DE21CFE11C33AAFF0087CAA5 /* Debug */ = {
			isa = XCBuildConfiguration;
			buildSettings = {
				ALWAYS_SEARCH_USER_PATHS = NO;
				CLANG_CXX_LANGUAGE_STANDARD = "gnu++0x";
				CLANG_CXX_LIBRARY = "libc++";
				CLANG_ENABLE_MODULES = YES;
				CLANG_ENABLE_OBJC_ARC = YES;
				CLANG_WARN_BOOL_CONVERSION = YES;
				CLANG_WARN_CONSTANT_CONVERSION = YES;
				CLANG_WARN_DIRECT_OBJC_ISA_USAGE = YES_ERROR;
				CLANG_WARN_EMPTY_BODY = YES;
				CLANG_WARN_ENUM_CONVERSION = YES;
				CLANG_WARN_INT_CONVERSION = YES;
				CLANG_WARN_OBJC_ROOT_CLASS = YES_ERROR;
				CLANG_WARN_UNREACHABLE_CODE = YES;
				CLANG_WARN__DUPLICATE_METHOD_MATCH = YES;
				"CODE_SIGN_IDENTITY[sdk=iphoneos*]" = "iPhone Developer";
				COPY_PHASE_STRIP = NO;
				DEBUG_INFORMATION_FORMAT = dwarf;
				ENABLE_STRICT_OBJC_MSGSEND = YES;
				ENABLE_TESTABILITY = YES;
				GCC_C_LANGUAGE_STANDARD = gnu99;
				GCC_DYNAMIC_NO_PIC = NO;
				GCC_NO_COMMON_BLOCKS = YES;
				GCC_OPTIMIZATION_LEVEL = 0;
				GCC_PREPROCESSOR_DEFINITIONS = (
					"DEBUG=1",
					"$(inherited)",
				);
				GCC_WARN_64_TO_32_BIT_CONVERSION = YES;
				GCC_WARN_ABOUT_RETURN_TYPE = YES_ERROR;
				GCC_WARN_UNDECLARED_SELECTOR = YES;
				GCC_WARN_UNINITIALIZED_AUTOS = YES_AGGRESSIVE;
				GCC_WARN_UNUSED_FUNCTION = YES;
				GCC_WARN_UNUSED_VARIABLE = YES;
				IPHONEOS_DEPLOYMENT_TARGET = 9.2;
				MTL_ENABLE_DEBUG_INFO = YES;
				ONLY_ACTIVE_ARCH = YES;
				SDKROOT = iphoneos;
				TARGETED_DEVICE_FAMILY = "1,2";
			};
			name = Debug;
		};
		DE21CFE21C33AAFF0087CAA5 /* Release */ = {
			isa = XCBuildConfiguration;
			buildSettings = {
				ALWAYS_SEARCH_USER_PATHS = NO;
				CLANG_CXX_LANGUAGE_STANDARD = "gnu++0x";
				CLANG_CXX_LIBRARY = "libc++";
				CLANG_ENABLE_MODULES = YES;
				CLANG_ENABLE_OBJC_ARC = YES;
				CLANG_WARN_BOOL_CONVERSION = YES;
				CLANG_WARN_CONSTANT_CONVERSION = YES;
				CLANG_WARN_DIRECT_OBJC_ISA_USAGE = YES_ERROR;
				CLANG_WARN_EMPTY_BODY = YES;
				CLANG_WARN_ENUM_CONVERSION = YES;
				CLANG_WARN_INT_CONVERSION = YES;
				CLANG_WARN_OBJC_ROOT_CLASS = YES_ERROR;
				CLANG_WARN_UNREACHABLE_CODE = YES;
				CLANG_WARN__DUPLICATE_METHOD_MATCH = YES;
				"CODE_SIGN_IDENTITY[sdk=iphoneos*]" = "iPhone Developer";
				COPY_PHASE_STRIP = NO;
				DEBUG_INFORMATION_FORMAT = "dwarf-with-dsym";
				ENABLE_NS_ASSERTIONS = NO;
				ENABLE_STRICT_OBJC_MSGSEND = YES;
				GCC_C_LANGUAGE_STANDARD = gnu99;
				GCC_NO_COMMON_BLOCKS = YES;
				GCC_WARN_64_TO_32_BIT_CONVERSION = YES;
				GCC_WARN_ABOUT_RETURN_TYPE = YES_ERROR;
				GCC_WARN_UNDECLARED_SELECTOR = YES;
				GCC_WARN_UNINITIALIZED_AUTOS = YES_AGGRESSIVE;
				GCC_WARN_UNUSED_FUNCTION = YES;
				GCC_WARN_UNUSED_VARIABLE = YES;
				IPHONEOS_DEPLOYMENT_TARGET = 9.2;
				MTL_ENABLE_DEBUG_INFO = NO;
				SDKROOT = iphoneos;
				TARGETED_DEVICE_FAMILY = "1,2";
				VALIDATE_PRODUCT = YES;
			};
			name = Release;
		};
		DE21CFE41C33AAFF0087CAA5 /* Debug */ = {
			isa = XCBuildConfiguration;
			buildSettings = {
				ASSETCATALOG_COMPILER_APPICON_NAME = AppIcon;
				INFOPLIST_FILE = test/Info.plist;
				LD_RUNPATH_SEARCH_PATHS = "$(inherited) @executable_path/Frameworks";
				PRODUCT_BUNDLE_IDENTIFIER = innos.test;
				PRODUCT_NAME = "$(TARGET_NAME)";
			};
			name = Debug;
		};
		DE21CFE51C33AAFF0087CAA5 /* Release */ = {
			isa = XCBuildConfiguration;
			buildSettings = {
				ASSETCATALOG_COMPILER_APPICON_NAME = AppIcon;
				INFOPLIST_FILE = test/Info.plist;
				LD_RUNPATH_SEARCH_PATHS = "$(inherited) @executable_path/Frameworks";
				PRODUCT_BUNDLE_IDENTIFIER = innos.test;
				PRODUCT_NAME = "$(TARGET_NAME)";
			};
			name = Release;
		};
		DE21CFE71C33AAFF0087CAA5 /* Debug */ = {
			isa = XCBuildConfiguration;
			buildSettings = {
				BUNDLE_LOADER = "$(TEST_HOST)";
				INFOPLIST_FILE = testTests/Info.plist;
				LD_RUNPATH_SEARCH_PATHS = "$(inherited) @executable_path/Frameworks @loader_path/Frameworks";
				PRODUCT_BUNDLE_IDENTIFIER = innos.testTests;
				PRODUCT_NAME = "$(TARGET_NAME)";
				TEST_HOST = "$(BUILT_PRODUCTS_DIR)/test.app/test";
			};
			name = Debug;
		};
		DE21CFE81C33AAFF0087CAA5 /* Release */ = {
			isa = XCBuildConfiguration;
			buildSettings = {
				BUNDLE_LOADER = "$(TEST_HOST)";
				INFOPLIST_FILE = testTests/Info.plist;
				LD_RUNPATH_SEARCH_PATHS = "$(inherited) @executable_path/Frameworks @loader_path/Frameworks";
				PRODUCT_BUNDLE_IDENTIFIER = innos.testTests;
				PRODUCT_NAME = "$(TARGET_NAME)";
				TEST_HOST = "$(BUILT_PRODUCTS_DIR)/test.app/test";
			};
			name = Release;
		};
		DE21CFEA1C33AAFF0087CAA5 /* Debug */ = {
			isa = XCBuildConfiguration;
			buildSettings = {
				INFOPLIST_FILE = testUITests/Info.plist;
				LD_RUNPATH_SEARCH_PATHS = "$(inherited) @executable_path/Frameworks @loader_path/Frameworks";
				PRODUCT_BUNDLE_IDENTIFIER = innos.testUITests;
				PRODUCT_NAME = "$(TARGET_NAME)";
				TEST_TARGET_NAME = test;
				USES_XCTRUNNER = YES;
			};
			name = Debug;
		};
		DE21CFEB1C33AAFF0087CAA5 /* Release */ = {
			isa = XCBuildConfiguration;
			buildSettings = {
				INFOPLIST_FILE = testUITests/Info.plist;
				LD_RUNPATH_SEARCH_PATHS = "$(inherited) @executable_path/Frameworks @loader_path/Frameworks";
				PRODUCT_BUNDLE_IDENTIFIER = innos.testUITests;
				PRODUCT_NAME = "$(TARGET_NAME)";
				TEST_TARGET_NAME = test;
				USES_XCTRUNNER = YES;
			};
			name = Release;
		};
/* End XCBuildConfiguration section */

/* Begin XCConfigurationList section */
		DE21CFB11C33AAFF0087CAA5 /* Build configuration list for PBXProject "test" */ = {
			isa = XCConfigurationList;
			buildConfigurations = (
				DE21CFE11C33AAFF0087CAA5 /* Debug */,
				DE21CFE21C33AAFF0087CAA5 /* Release */,
			);
			defaultConfigurationIsVisible = 0;
			defaultConfigurationName = Release;
		};
		DE21CFE31C33AAFF0087CAA5 /* Build configuration list for PBXNativeTarget "test" */ = {
			isa = XCConfigurationList;
			buildConfigurations = (
				DE21CFE41C33AAFF0087CAA5 /* Debug */,
				DE21CFE51C33AAFF0087CAA5 /* Release */,
			);
			defaultConfigurationIsVisible = 0;
		};
		DE21CFE61C33AAFF0087CAA5 /* Build configuration list for PBXNativeTarget "testTests" */ = {
			isa = XCConfigurationList;
			buildConfigurations = (
				DE21CFE71C33AAFF0087CAA5 /* Debug */,
				DE21CFE81C33AAFF0087CAA5 /* Release */,
			);
			defaultConfigurationIsVisible = 0;
		};
		DE21CFE91C33AAFF0087CAA5 /* Build configuration list for PBXNativeTarget "testUITests" */ = {
			isa = XCConfigurationList;
			buildConfigurations = (
				DE21CFEA1C33AAFF0087CAA5 /* Debug */,
				DE21CFEB1C33AAFF0087CAA5 /* Release */,
			);
			defaultConfigurationIsVisible = 0;
		};
/* End XCConfigurationList section */
	};
	rootObject = DE21CFAE1C33AAFF0087CAA5 /* Project object */;
}
